
Microsoft Visual Studio Solution File, Format Version 12.00
# Visual Studio Version 16
VisualStudioVersion = 16.0.31005.135
MinimumVisualStudioVersion = 10.0.40219.1
Project("{FAE04EC0-301F-11D3-BF4B-00C04F79EFBC}") = "DynamicMessages", "1.2\DynamicMessages.csproj", "{5CD03BDA-FECC-4056-859F-CAFA782DCC5B}"
EndProject
Global
	GlobalSection(SolutionConfigurationPlatforms) = preSolution
		Debug|Any CPU = Debug|Any CPU
		Release|Any CPU = Release|Any CPU
	EndGlobalSection
	GlobalSection(ProjectConfigurationPlatforms) = postSolution
		{5CD03BDA-FECC-4056-859F-CAFA782DCC5B}.Debug|Any CPU.ActiveCfg = Debug|Any CPU
		{5CD03BDA-FECC-4056-859F-CAFA782DCC5B}.Debug|Any CPU.Build.0 = Debug|Any CPU
		{5CD03BDA-FECC-4056-859F-CAFA782DCC5B}.Release|Any CPU.ActiveCfg = Release|Any CPU
		{5CD03BDA-FECC-4056-859F-CAFA782DCC5B}.Release|Any CPU.Build.0 = Release|Any CPU
	EndGlobalSection
	GlobalSection(SolutionProperties) = preSolution
		HideSolutionNode = FALSE
	EndGlobalSection
	GlobalSection(ExtensibilityGlobals) = postSolution
		SolutionGuid = {3B3941EA-105B-407D-9C48-CFB275C13BCD}
	EndGlobalSection
EndGlobal
